
Microsoft Visual Studio Solution File, Format Version 12.00
# Visual Studio 15
VisualStudioVersion = 15.0.27130.2010
MinimumVisualStudioVersion = 10.0.40219.1
Project("{FAE04EC0-301F-11D3-BF4B-00C04F79EFBC}") = "GridDb.Core", "src\GridDb.Core\GridDb.Core.csproj", "{80415EF7-858B-4B91-BF83-07FCCF400A69}"
EndProject
Project("{FAE04EC0-301F-11D3-BF4B-00C04F79EFBC}") = "GridDb.UI", "src\GridDb.UI\GridDb.UI.csproj", "{67963035-6092-4E4D-90C2-D289D22D7AF2}"
EndProject
Project("{FAE04EC0-301F-11D3-BF4B-00C04F79EFBC}") = "GridDb.Droid", "src\GridDb.Droid\GridDb.Droid.csproj", "{76B2AA93-8736-43AB-B81E-4378DBB67CF1}"
EndProject
Project("{FAE04EC0-301F-11D3-BF4B-00C04F79EFBC}") = "GridDb.iOS", "src\GridDb.iOS\GridDb.iOS.csproj", "{C3E34930-8C67-4238-8B25-8A507A134E02}"
EndProject
Project("{2150E333-8FDC-42A3-9474-1A3956D46DE8}") = "!Solution Items", "!Solution Items", "{DA8EBFF1-CB5E-4588-9A51-53DC9DFA8732}"
	ProjectSection(SolutionItems) = preProject
		.editorconfig = .editorconfig
	EndProjectSection
EndProject
Global
	GlobalSection(SolutionConfigurationPlatforms) = preSolution
		Ad-Hoc|Any CPU = Ad-Hoc|Any CPU
		Ad-Hoc|ARM = Ad-Hoc|ARM
		Ad-Hoc|iPhone = Ad-Hoc|iPhone
		Ad-Hoc|iPhoneSimulator = Ad-Hoc|iPhoneSimulator
		Ad-Hoc|x64 = Ad-Hoc|x64
		Ad-Hoc|x86 = Ad-Hoc|x86
		AppStore|Any CPU = AppStore|Any CPU
		AppStore|ARM = AppStore|ARM
		AppStore|iPhone = AppStore|iPhone
		AppStore|iPhoneSimulator = AppStore|iPhoneSimulator
		AppStore|x64 = AppStore|x64
		AppStore|x86 = AppStore|x86
		Debug|Any CPU = Debug|Any CPU
		Debug|ARM = Debug|ARM
		Debug|iPhone = Debug|iPhone
		Debug|iPhoneSimulator = Debug|iPhoneSimulator
		Debug|x64 = Debug|x64
		Debug|x86 = Debug|x86
		Release|Any CPU = Release|Any CPU
		Release|ARM = Release|ARM
		Release|iPhone = Release|iPhone
		Release|iPhoneSimulator = Release|iPhoneSimulator
		Release|x64 = Release|x64
		Release|x86 = Release|x86
	EndGlobalSection
	GlobalSection(ProjectConfigurationPlatforms) = postSolution
		{80415EF7-858B-4B91-BF83-07FCCF400A69}.Ad-Hoc|Any CPU.ActiveCfg = Debug|Any CPU
		{80415EF7-858B-4B91-BF83-07FCCF400A69}.Ad-Hoc|Any CPU.Build.0 = Debug|Any CPU
		{80415EF7-858B-4B91-BF83-07FCCF400A69}.Ad-Hoc|ARM.ActiveCfg = Debug|Any CPU
		{80415EF7-858B-4B91-BF83-07FCCF400A69}.Ad-Hoc|ARM.Build.0 = Debug|Any CPU
		{80415EF7-858B-4B91-BF83-07FCCF400A69}.Ad-Hoc|iPhone.ActiveCfg = Debug|Any CPU
		{80415EF7-858B-4B91-BF83-07FCCF400A69}.Ad-Hoc|iPhone.Build.0 = Debug|Any CPU
		{80415EF7-858B-4B91-BF83-07FCCF400A69}.Ad-Hoc|iPhoneSimulator.ActiveCfg = Debug|Any CPU
		{80415EF7-858B-4B91-BF83-07FCCF400A69}.Ad-Hoc|iPhoneSimulator.Build.0 = Debug|Any CPU
		{80415EF7-858B-4B91-BF83-07FCCF400A69}.Ad-Hoc|x64.ActiveCfg = Debug|Any CPU
		{80415EF7-858B-4B91-BF83-07FCCF400A69}.Ad-Hoc|x64.Build.0 = Debug|Any CPU
		{80415EF7-858B-4B91-BF83-07FCCF400A69}.Ad-Hoc|x86.ActiveCfg = Debug|Any CPU
		{80415EF7-858B-4B91-BF83-07FCCF400A69}.Ad-Hoc|x86.Build.0 = Debug|Any CPU
		{80415EF7-858B-4B91-BF83-07FCCF400A69}.AppStore|Any CPU.ActiveCfg = Debug|Any CPU
		{80415EF7-858B-4B91-BF83-07FCCF400A69}.AppStore|Any CPU.Build.0 = Debug|Any CPU
		{80415EF7-858B-4B91-BF83-07FCCF400A69}.AppStore|ARM.ActiveCfg = Debug|Any CPU
		{80415EF7-858B-4B91-BF83-07FCCF400A69}.AppStore|ARM.Build.0 = Debug|Any CPU
		{80415EF7-858B-4B91-BF83-07FCCF400A69}.AppStore|iPhone.ActiveCfg = Debug|Any CPU
		{80415EF7-858B-4B91-BF83-07FCCF400A69}.AppStore|iPhone.Build.0 = Debug|Any CPU
		{80415EF7-858B-4B91-BF83-07FCCF400A69}.AppStore|iPhoneSimulator.ActiveCfg = Debug|Any CPU
		{80415EF7-858B-4B91-BF83-07FCCF400A69}.AppStore|iPhoneSimulator.Build.0 = Debug|Any CPU
		{80415EF7-858B-4B91-BF83-07FCCF400A69}.AppStore|x64.ActiveCfg = Debug|Any CPU
		{80415EF7-858B-4B91-BF83-07FCCF400A69}.AppStore|x64.Build.0 = Debug|Any CPU
		{80415EF7-858B-4B91-BF83-07FCCF400A69}.AppStore|x86.ActiveCfg = Debug|Any CPU
		{80415EF7-858B-4B91-BF83-07FCCF400A69}.AppStore|x86.Build.0 = Debug|Any CPU
		{80415EF7-858B-4B91-BF83-07FCCF400A69}.Debug|Any CPU.ActiveCfg = Debug|Any CPU
		{80415EF7-858B-4B91-BF83-07FCCF400A69}.Debug|Any CPU.Build.0 = Debug|Any CPU
		{80415EF7-858B-4B91-BF83-07FCCF400A69}.Debug|ARM.ActiveCfg = Debug|Any CPU
		{80415EF7-858B-4B91-BF83-07FCCF400A69}.Debug|ARM.Build.0 = Debug|Any CPU
		{80415EF7-858B-4B91-BF83-07FCCF400A69}.Debug|iPhone.ActiveCfg = Debug|Any CPU
		{80415EF7-858B-4B91-BF83-07FCCF400A69}.Debug|iPhone.Build.0 = Debug|Any CPU
		{80415EF7-858B-4B91-BF83-07FCCF400A69}.Debug|iPhoneSimulator.ActiveCfg = Debug|Any CPU
		{80415EF7-858B-4B91-BF83-07FCCF400A69}.Debug|iPhoneSimulator.Build.0 = Debug|Any CPU
		{80415EF7-858B-4B91-BF83-07FCCF400A69}.Debug|x64.ActiveCfg = Debug|Any CPU
		{80415EF7-858B-4B91-BF83-07FCCF400A69}.Debug|x64.Build.0 = Debug|Any CPU
		{80415EF7-858B-4B91-BF83-07FCCF400A69}.Debug|x86.ActiveCfg = Debug|Any CPU
		{80415EF7-858B-4B91-BF83-07FCCF400A69}.Debug|x86.Build.0 = Debug|Any CPU
		{80415EF7-858B-4B91-BF83-07FCCF400A69}.Release|Any CPU.ActiveCfg = Release|Any CPU
		{80415EF7-858B-4B91-BF83-07FCCF400A69}.Release|Any CPU.Build.0 = Release|Any CPU
		{80415EF7-858B-4B91-BF83-07FCCF400A69}.Release|ARM.ActiveCfg = Release|Any CPU
		{80415EF7-858B-4B91-BF83-07FCCF400A69}.Release|ARM.Build.0 = Release|Any CPU
		{80415EF7-858B-4B91-BF83-07FCCF400A69}.Release|iPhone.ActiveCfg = Release|Any CPU
		{80415EF7-858B-4B91-BF83-07FCCF400A69}.Release|iPhone.Build.0 = Release|Any CPU
		{80415EF7-858B-4B91-BF83-07FCCF400A69}.Release|iPhoneSimulator.ActiveCfg = Release|Any CPU
		{80415EF7-858B-4B91-BF83-07FCCF400A69}.Release|iPhoneSimulator.Build.0 = Release|Any CPU
		{80415EF7-858B-4B91-BF83-07FCCF400A69}.Release|x64.ActiveCfg = Release|Any CPU
		{80415EF7-858B-4B91-BF83-07FCCF400A69}.Release|x64.Build.0 = Release|Any CPU
		{80415EF7-858B-4B91-BF83-07FCCF400A69}.Release|x86.ActiveCfg = Release|Any CPU
		{80415EF7-858B-4B91-BF83-07FCCF400A69}.Release|x86.Build.0 = Release|Any CPU
		{67963035-6092-4E4D-90C2-D289D22D7AF2}.Ad-Hoc|Any CPU.ActiveCfg = Debug|Any CPU
		{67963035-6092-4E4D-90C2-D289D22D7AF2}.Ad-Hoc|Any CPU.Build.0 = Debug|Any CPU
		{67963035-6092-4E4D-90C2-D289D22D7AF2}.Ad-Hoc|ARM.ActiveCfg = Debug|Any CPU
		{67963035-6092-4E4D-90C2-D289D22D7AF2}.Ad-Hoc|ARM.Build.0 = Debug|Any CPU
		{67963035-6092-4E4D-90C2-D289D22D7AF2}.Ad-Hoc|iPhone.ActiveCfg = Debug|Any CPU
		{67963035-6092-4E4D-90C2-D289D22D7AF2}.Ad-Hoc|iPhone.Build.0 = Debug|Any CPU
		{67963035-6092-4E4D-90C2-D289D22D7AF2}.Ad-Hoc|iPhoneSimulator.ActiveCfg = Debug|Any CPU
		{67963035-6092-4E4D-90C2-D289D22D7AF2}.Ad-Hoc|iPhoneSimulator.Build.0 = Debug|Any CPU
		{67963035-6092-4E4D-90C2-D289D22D7AF2}.Ad-Hoc|x64.ActiveCfg = Debug|Any CPU
		{67963035-6092-4E4D-90C2-D289D22D7AF2}.Ad-Hoc|x64.Build.0 = Debug|Any CPU
		{67963035-6092-4E4D-90C2-D289D22D7AF2}.Ad-Hoc|x86.ActiveCfg = Debug|Any CPU
		{67963035-6092-4E4D-90C2-D289D22D7AF2}.Ad-Hoc|x86.Build.0 = Debug|Any CPU
		{67963035-6092-4E4D-90C2-D289D22D7AF2}.AppStore|Any CPU.ActiveCfg = Debug|Any CPU
		{67963035-6092-4E4D-90C2-D289D22D7AF2}.AppStore|Any CPU.Build.0 = Debug|Any CPU
		{67963035-6092-4E4D-90C2-D289D22D7AF2}.AppStore|ARM.ActiveCfg = Debug|Any CPU
		{67963035-6092-4E4D-90C2-D289D22D7AF2}.AppStore|ARM.Build.0 = Debug|Any CPU
		{67963035-6092-4E4D-90C2-D289D22D7AF2}.AppStore|iPhone.ActiveCfg = Debug|Any CPU
		{67963035-6092-4E4D-90C2-D289D22D7AF2}.AppStore|iPhone.Build.0 = Debug|Any CPU
		{67963035-6092-4E4D-90C2-D289D22D7AF2}.AppStore|iPhoneSimulator.ActiveCfg = Debug|Any CPU
		{67963035-6092-4E4D-90C2-D289D22D7AF2}.AppStore|iPhoneSimulator.Build.0 = Debug|Any CPU
		{67963035-6092-4E4D-90C2-D289D22D7AF2}.AppStore|x64.ActiveCfg = Debug|Any CPU
		{67963035-6092-4E4D-90C2-D289D22D7AF2}.AppStore|x64.Build.0 = Debug|Any CPU
		{67963035-6092-4E4D-90C2-D289D22D7AF2}.AppStore|x86.ActiveCfg = Debug|Any CPU
		{67963035-6092-4E4D-90C2-D289D22D7AF2}.AppStore|x86.Build.0 = Debug|Any CPU
		{67963035-6092-4E4D-90C2-D289D22D7AF2}.Debug|Any CPU.ActiveCfg = Debug|Any CPU
		{67963035-6092-4E4D-90C2-D289D22D7AF2}.Debug|Any CPU.Build.0 = Debug|Any CPU
		{67963035-6092-4E4D-90C2-D289D22D7AF2}.Debug|ARM.ActiveCfg = Debug|Any CPU
		{67963035-6092-4E4D-90C2-D289D22D7AF2}.Debug|ARM.Build.0 = Debug|Any CPU
		{67963035-6092-4E4D-90C2-D289D22D7AF2}.Debug|iPhone.ActiveCfg = Debug|Any CPU
		{67963035-6092-4E4D-90C2-D289D22D7AF2}.Debug|iPhone.Build.0 = Debug|Any CPU
		{67963035-6092-4E4D-90C2-D289D22D7AF2}.Debug|iPhoneSimulator.ActiveCfg = Debug|Any CPU
		{67963035-6092-4E4D-90C2-D289D22D7AF2}.Debug|iPhoneSimulator.Build.0 = Debug|Any CPU
		{67963035-6092-4E4D-90C2-D289D22D7AF2}.Debug|x64.ActiveCfg = Debug|Any CPU
		{67963035-6092-4E4D-90C2-D289D22D7AF2}.Debug|x64.Build.0 = Debug|Any CPU
		{67963035-6092-4E4D-90C2-D289D22D7AF2}.Debug|x86.ActiveCfg = Debug|Any CPU
		{67963035-6092-4E4D-90C2-D289D22D7AF2}.Debug|x86.Build.0 = Debug|Any CPU
		{67963035-6092-4E4D-90C2-D289D22D7AF2}.Release|Any CPU.ActiveCfg = Release|Any CPU
		{67963035-6092-4E4D-90C2-D289D22D7AF2}.Release|Any CPU.Build.0 = Release|Any CPU
		{67963035-6092-4E4D-90C2-D289D22D7AF2}.Release|ARM.ActiveCfg = Release|Any CPU
		{67963035-6092-4E4D-90C2-D289D22D7AF2}.Release|ARM.Build.0 = Release|Any CPU
		{67963035-6092-4E4D-90C2-D289D22D7AF2}.Release|iPhone.ActiveCfg = Release|Any CPU
		{67963035-6092-4E4D-90C2-D289D22D7AF2}.Release|iPhone.Build.0 = Release|Any CPU
		{67963035-6092-4E4D-90C2-D289D22D7AF2}.Release|iPhoneSimulator.ActiveCfg = Release|Any CPU
		{67963035-6092-4E4D-90C2-D289D22D7AF2}.Release|iPhoneSimulator.Build.0 = Release|Any CPU
		{67963035-6092-4E4D-90C2-D289D22D7AF2}.Release|x64.ActiveCfg = Release|Any CPU
		{67963035-6092-4E4D-90C2-D289D22D7AF2}.Release|x64.Build.0 = Release|Any CPU
		{67963035-6092-4E4D-90C2-D289D22D7AF2}.Release|x86.ActiveCfg = Release|Any CPU
		{67963035-6092-4E4D-90C2-D289D22D7AF2}.Release|x86.Build.0 = Release|Any CPU
		{76B2AA93-8736-43AB-B81E-4378DBB67CF1}.Ad-Hoc|Any CPU.ActiveCfg = Release|Any CPU
		{76B2AA93-8736-43AB-B81E-4378DBB67CF1}.Ad-Hoc|Any CPU.Build.0 = Release|Any CPU
		{76B2AA93-8736-43AB-B81E-4378DBB67CF1}.Ad-Hoc|Any CPU.Deploy.0 = Release|Any CPU
		{76B2AA93-8736-43AB-B81E-4378DBB67CF1}.Ad-Hoc|ARM.ActiveCfg = Release|Any CPU
		{76B2AA93-8736-43AB-B81E-4378DBB67CF1}.Ad-Hoc|ARM.Build.0 = Release|Any CPU
		{76B2AA93-8736-43AB-B81E-4378DBB67CF1}.Ad-Hoc|ARM.Deploy.0 = Release|Any CPU
		{76B2AA93-8736-43AB-B81E-4378DBB67CF1}.Ad-Hoc|iPhone.ActiveCfg = Release|Any CPU
		{76B2AA93-8736-43AB-B81E-4378DBB67CF1}.Ad-Hoc|iPhone.Build.0 = Release|Any CPU
		{76B2AA93-8736-43AB-B81E-4378DBB67CF1}.Ad-Hoc|iPhone.Deploy.0 = Release|Any CPU
		{76B2AA93-8736-43AB-B81E-4378DBB67CF1}.Ad-Hoc|iPhoneSimulator.ActiveCfg = Release|Any CPU
		{76B2AA93-8736-43AB-B81E-4378DBB67CF1}.Ad-Hoc|iPhoneSimulator.Build.0 = Release|Any CPU
		{76B2AA93-8736-43AB-B81E-4378DBB67CF1}.Ad-Hoc|iPhoneSimulator.Deploy.0 = Release|Any CPU
		{76B2AA93-8736-43AB-B81E-4378DBB67CF1}.Ad-Hoc|x64.ActiveCfg = Release|Any CPU
		{76B2AA93-8736-43AB-B81E-4378DBB67CF1}.Ad-Hoc|x64.Build.0 = Release|Any CPU
		{76B2AA93-8736-43AB-B81E-4378DBB67CF1}.Ad-Hoc|x64.Deploy.0 = Release|Any CPU
		{76B2AA93-8736-43AB-B81E-4378DBB67CF1}.Ad-Hoc|x86.ActiveCfg = Release|Any CPU
		{76B2AA93-8736-43AB-B81E-4378DBB67CF1}.Ad-Hoc|x86.Build.0 = Release|Any CPU
		{76B2AA93-8736-43AB-B81E-4378DBB67CF1}.Ad-Hoc|x86.Deploy.0 = Release|Any CPU
		{76B2AA93-8736-43AB-B81E-4378DBB67CF1}.AppStore|Any CPU.ActiveCfg = Release|Any CPU
		{76B2AA93-8736-43AB-B81E-4378DBB67CF1}.AppStore|Any CPU.Build.0 = Release|Any CPU
		{76B2AA93-8736-43AB-B81E-4378DBB67CF1}.AppStore|Any CPU.Deploy.0 = Release|Any CPU
		{76B2AA93-8736-43AB-B81E-4378DBB67CF1}.AppStore|ARM.ActiveCfg = Release|Any CPU
		{76B2AA93-8736-43AB-B81E-4378DBB67CF1}.AppStore|ARM.Build.0 = Release|Any CPU
		{76B2AA93-8736-43AB-B81E-4378DBB67CF1}.AppStore|ARM.Deploy.0 = Release|Any CPU
		{76B2AA93-8736-43AB-B81E-4378DBB67CF1}.AppStore|iPhone.ActiveCfg = Release|Any CPU
		{76B2AA93-8736-43AB-B81E-4378DBB67CF1}.AppStore|iPhone.Build.0 = Release|Any CPU
		{76B2AA93-8736-43AB-B81E-4378DBB67CF1}.AppStore|iPhone.Deploy.0 = Release|Any CPU
		{76B2AA93-8736-43AB-B81E-4378DBB67CF1}.AppStore|iPhoneSimulator.ActiveCfg = Release|Any CPU
		{76B2AA93-8736-43AB-B81E-4378DBB67CF1}.AppStore|iPhoneSimulator.Build.0 = Release|Any CPU
		{76B2AA93-8736-43AB-B81E-4378DBB67CF1}.AppStore|iPhoneSimulator.Deploy.0 = Release|Any CPU
		{76B2AA93-8736-43AB-B81E-4378DBB67CF1}.AppStore|x64.ActiveCfg = Release|Any CPU
		{76B2AA93-8736-43AB-B81E-4378DBB67CF1}.AppStore|x64.Build.0 = Release|Any CPU
		{76B2AA93-8736-43AB-B81E-4378DBB67CF1}.AppStore|x64.Deploy.0 = Release|Any CPU
		{76B2AA93-8736-43AB-B81E-4378DBB67CF1}.AppStore|x86.ActiveCfg = Release|Any CPU
		{76B2AA93-8736-43AB-B81E-4378DBB67CF1}.AppStore|x86.Build.0 = Release|Any CPU
		{76B2AA93-8736-43AB-B81E-4378DBB67CF1}.AppStore|x86.Deploy.0 = Release|Any CPU
		{76B2AA93-8736-43AB-B81E-4378DBB67CF1}.Debug|Any CPU.ActiveCfg = Debug|Any CPU
		{76B2AA93-8736-43AB-B81E-4378DBB67CF1}.Debug|Any CPU.Build.0 = Debug|Any CPU
		{76B2AA93-8736-43AB-B81E-4378DBB67CF1}.Debug|Any CPU.Deploy.0 = Debug|Any CPU
		{76B2AA93-8736-43AB-B81E-4378DBB67CF1}.Debug|ARM.ActiveCfg = Debug|Any CPU
		{76B2AA93-8736-43AB-B81E-4378DBB67CF1}.Debug|ARM.Build.0 = Debug|Any CPU
		{76B2AA93-8736-43AB-B81E-4378DBB67CF1}.Debug|ARM.Deploy.0 = Debug|Any CPU
		{76B2AA93-8736-43AB-B81E-4378DBB67CF1}.Debug|iPhone.ActiveCfg = Debug|Any CPU
		{76B2AA93-8736-43AB-B81E-4378DBB67CF1}.Debug|iPhone.Build.0 = Debug|Any CPU
		{76B2AA93-8736-43AB-B81E-4378DBB67CF1}.Debug|iPhone.Deploy.0 = Debug|Any CPU
		{76B2AA93-8736-43AB-B81E-4378DBB67CF1}.Debug|iPhoneSimulator.ActiveCfg = Debug|Any CPU
		{76B2AA93-8736-43AB-B81E-4378DBB67CF1}.Debug|iPhoneSimulator.Build.0 = Debug|Any CPU
		{76B2AA93-8736-43AB-B81E-4378DBB67CF1}.Debug|iPhoneSimulator.Deploy.0 = Debug|Any CPU
		{76B2AA93-8736-43AB-B81E-4378DBB67CF1}.Debug|x64.ActiveCfg = Debug|Any CPU
		{76B2AA93-8736-43AB-B81E-4378DBB67CF1}.Debug|x64.Build.0 = Debug|Any CPU
		{76B2AA93-8736-43AB-B81E-4378DBB67CF1}.Debug|x64.Deploy.0 = Debug|Any CPU
		{76B2AA93-8736-43AB-B81E-4378DBB67CF1}.Debug|x86.ActiveCfg = Debug|Any CPU
		{76B2AA93-8736-43AB-B81E-4378DBB67CF1}.Debug|x86.Build.0 = Debug|Any CPU
		{76B2AA93-8736-43AB-B81E-4378DBB67CF1}.Debug|x86.Deploy.0 = Debug|Any CPU
		{76B2AA93-8736-43AB-B81E-4378DBB67CF1}.Release|Any CPU.ActiveCfg = Release|Any CPU
		{76B2AA93-8736-43AB-B81E-4378DBB67CF1}.Release|Any CPU.Build.0 = Release|Any CPU
		{76B2AA93-8736-43AB-B81E-4378DBB67CF1}.Release|Any CPU.Deploy.0 = Release|Any CPU
		{76B2AA93-8736-43AB-B81E-4378DBB67CF1}.Release|ARM.ActiveCfg = Release|Any CPU
		{76B2AA93-8736-43AB-B81E-4378DBB67CF1}.Release|ARM.Build.0 = Release|Any CPU
		{76B2AA93-8736-43AB-B81E-4378DBB67CF1}.Release|ARM.Deploy.0 = Release|Any CPU
		{76B2AA93-8736-43AB-B81E-4378DBB67CF1}.Release|iPhone.ActiveCfg = Release|Any CPU
		{76B2AA93-8736-43AB-B81E-4378DBB67CF1}.Release|iPhone.Build.0 = Release|Any CPU
		{76B2AA93-8736-43AB-B81E-4378DBB67CF1}.Release|iPhone.Deploy.0 = Release|Any CPU
		{76B2AA93-8736-43AB-B81E-4378DBB67CF1}.Release|iPhoneSimulator.ActiveCfg = Release|Any CPU
		{76B2AA93-8736-43AB-B81E-4378DBB67CF1}.Release|iPhoneSimulator.Build.0 = Release|Any CPU
		{76B2AA93-8736-43AB-B81E-4378DBB67CF1}.Release|iPhoneSimulator.Deploy.0 = Release|Any CPU
		{76B2AA93-8736-43AB-B81E-4378DBB67CF1}.Release|x64.ActiveCfg = Release|Any CPU
		{76B2AA93-8736-43AB-B81E-4378DBB67CF1}.Release|x64.Build.0 = Release|Any CPU
		{76B2AA93-8736-43AB-B81E-4378DBB67CF1}.Release|x64.Deploy.0 = Release|Any CPU
		{76B2AA93-8736-43AB-B81E-4378DBB67CF1}.Release|x86.ActiveCfg = Release|Any CPU
		{76B2AA93-8736-43AB-B81E-4378DBB67CF1}.Release|x86.Build.0 = Release|Any CPU
		{76B2AA93-8736-43AB-B81E-4378DBB67CF1}.Release|x86.Deploy.0 = Release|Any CPU
		{C3E34930-8C67-4238-8B25-8A507A134E02}.Ad-Hoc|Any CPU.ActiveCfg = Ad-Hoc|iPhone
		{C3E34930-8C67-4238-8B25-8A507A134E02}.Ad-Hoc|ARM.ActiveCfg = Ad-Hoc|iPhone
		{C3E34930-8C67-4238-8B25-8A507A134E02}.Ad-Hoc|iPhone.ActiveCfg = Ad-Hoc|iPhone
		{C3E34930-8C67-4238-8B25-8A507A134E02}.Ad-Hoc|iPhone.Build.0 = Ad-Hoc|iPhone
		{C3E34930-8C67-4238-8B25-8A507A134E02}.Ad-Hoc|iPhoneSimulator.ActiveCfg = Ad-Hoc|iPhoneSimulator
		{C3E34930-8C67-4238-8B25-8A507A134E02}.Ad-Hoc|iPhoneSimulator.Build.0 = Ad-Hoc|iPhoneSimulator
		{C3E34930-8C67-4238-8B25-8A507A134E02}.Ad-Hoc|x64.ActiveCfg = Ad-Hoc|iPhone
		{C3E34930-8C67-4238-8B25-8A507A134E02}.Ad-Hoc|x86.ActiveCfg = Ad-Hoc|iPhone
		{C3E34930-8C67-4238-8B25-8A507A134E02}.AppStore|Any CPU.ActiveCfg = AppStore|iPhone
		{C3E34930-8C67-4238-8B25-8A507A134E02}.AppStore|ARM.ActiveCfg = AppStore|iPhone
		{C3E34930-8C67-4238-8B25-8A507A134E02}.AppStore|iPhone.ActiveCfg = AppStore|iPhone
		{C3E34930-8C67-4238-8B25-8A507A134E02}.AppStore|iPhone.Build.0 = AppStore|iPhone
		{C3E34930-8C67-4238-8B25-8A507A134E02}.AppStore|iPhoneSimulator.ActiveCfg = AppStore|iPhoneSimulator
		{C3E34930-8C67-4238-8B25-8A507A134E02}.AppStore|iPhoneSimulator.Build.0 = AppStore|iPhoneSimulator
		{C3E34930-8C67-4238-8B25-8A507A134E02}.AppStore|x64.ActiveCfg = AppStore|iPhone
		{C3E34930-8C67-4238-8B25-8A507A134E02}.AppStore|x86.ActiveCfg = AppStore|iPhone
		{C3E34930-8C67-4238-8B25-8A507A134E02}.Debug|Any CPU.ActiveCfg = Debug|iPhone
		{C3E34930-8C67-4238-8B25-8A507A134E02}.Debug|Any CPU.Build.0 = Debug|iPhone
		{C3E34930-8C67-4238-8B25-8A507A134E02}.Debug|ARM.ActiveCfg = Debug|iPhone
		{C3E34930-8C67-4238-8B25-8A507A134E02}.Debug|iPhone.ActiveCfg = Debug|iPhone
		{C3E34930-8C67-4238-8B25-8A507A134E02}.Debug|iPhone.Build.0 = Debug|iPhone
		{C3E34930-8C67-4238-8B25-8A507A134E02}.Debug|iPhoneSimulator.ActiveCfg = Debug|iPhoneSimulator
		{C3E34930-8C67-4238-8B25-8A507A134E02}.Debug|iPhoneSimulator.Build.0 = Debug|iPhoneSimulator
		{C3E34930-8C67-4238-8B25-8A507A134E02}.Debug|x64.ActiveCfg = Debug|iPhone
		{C3E34930-8C67-4238-8B25-8A507A134E02}.Debug|x86.ActiveCfg = Debug|iPhone
		{C3E34930-8C67-4238-8B25-8A507A134E02}.Release|Any CPU.ActiveCfg = Release|iPhone
		{C3E34930-8C67-4238-8B25-8A507A134E02}.Release|ARM.ActiveCfg = Release|iPhone
		{C3E34930-8C67-4238-8B25-8A507A134E02}.Release|iPhone.ActiveCfg = Release|iPhone
		{C3E34930-8C67-4238-8B25-8A507A134E02}.Release|iPhone.Build.0 = Release|iPhone
		{C3E34930-8C67-4238-8B25-8A507A134E02}.Release|iPhoneSimulator.ActiveCfg = Release|iPhoneSimulator
		{C3E34930-8C67-4238-8B25-8A507A134E02}.Release|iPhoneSimulator.Build.0 = Release|iPhoneSimulator
		{C3E34930-8C67-4238-8B25-8A507A134E02}.Release|x64.ActiveCfg = Release|iPhone
		{C3E34930-8C67-4238-8B25-8A507A134E02}.Release|x86.ActiveCfg = Release|iPhone
	EndGlobalSection
	GlobalSection(SolutionProperties) = preSolution
		HideSolutionNode = FALSE
	EndGlobalSection
	GlobalSection(ExtensibilityGlobals) = postSolution
		SolutionGuid = {5157B3C3-DECA-40BB-BFFC-7F0C7F9DB92F}
	EndGlobalSection
EndGlobal
